// !$*UTF8*$!
{
	archiveVersion = 1;
	classes = {
	};
	objectVersion = 56;
	objects = {

/* Begin PBXBuildFile section */
		15B87CEF298A50C3003B39BC /* FirstIOSappApp.swift in Sources */ = {isa = PBXBuildFile; fileRef = 15B87CEE298A50C3003B39BC /* FirstIOSappApp.swift */; };
		15B87CF1298A50C3003B39BC /* ContentView.swift in Sources */ = {isa = PBXBuildFile; fileRef = 15B87CF0298A50C3003B39BC /* ContentView.swift */; };
		15B87CF3298A50C9003B39BC /* Assets.xcassets in Resources */ = {isa = PBXBuildFile; fileRef = 15B87CF2298A50C9003B39BC /* Assets.xcassets */; };
		15B87CF7298A50C9003B39BC /* Preview Assets.xcassets in Resources */ = {isa = PBXBuildFile; fileRef = 15B87CF6298A50C9003B39BC /* Preview Assets.xcassets */; };
		15B87D01298A50C9003B39BC /* FirstIOSappTests.swift in Sources */ = {isa = PBXBuildFile; fileRef = 15B87D00298A50C9003B39BC /* FirstIOSappTests.swift */; };
		15B87D0B298A50C9003B39BC /* FirstIOSappUITests.swift in Sources */ = {isa = PBXBuildFile; fileRef = 15B87D0A298A50C9003B39BC /* FirstIOSappUITests.swift */; };
		15B87D0D298A50C9003B39BC /* FirstIOSappUITestsLaunchTests.swift in Sources */ = {isa = PBXBuildFile; fileRef = 15B87D0C298A50C9003B39BC /* FirstIOSappUITestsLaunchTests.swift */; };
/* End PBXBuildFile section */

/* Begin PBXContainerItemProxy section */
		15B87CFD298A50C9003B39BC /* PBXContainerItemProxy */ = {
			isa = PBXContainerItemProxy;
			containerPortal = 15B87CE3298A50C3003B39BC /* Project object */;
			proxyType = 1;
			remoteGlobalIDString = 15B87CEA298A50C3003B39BC;
			remoteInfo = FirstIOSapp;
		};
		15B87D07298A50C9003B39BC /* PBXContainerItemProxy */ = {
			isa = PBXContainerItemProxy;
			containerPortal = 15B87CE3298A50C3003B39BC /* Project object */;
			proxyType = 1;
			remoteGlobalIDString = 15B87CEA298A50C3003B39BC;
			remoteInfo = FirstIOSapp;
		};
/* End PBXContainerItemProxy section */

/* Begin PBXFileReference section */
		15B87CEB298A50C3003B39BC /* FirstIOSapp.app */ = {isa = PBXFileReference; explicitFileType = wrapper.application; includeInIndex = 0; path = FirstIOSapp.app; sourceTree = BUILT_PRODUCTS_DIR; };
		15B87CEE298A50C3003B39BC /* FirstIOSappApp.swift */ = {isa = PBXFileReference; lastKnownFileType = sourcecode.swift; path = FirstIOSappApp.swift; sourceTree = "<group>"; };
		15B87CF0298A50C3003B39BC /* ContentView.swift */ = {isa = PBXFileReference; lastKnownFileType = sourcecode.swift; path = ContentView.swift; sourceTree = "<group>"; };
		15B87CF2298A50C9003B39BC /* Assets.xcassets */ = {isa = PBXFileReference; lastKnownFileType = folder.assetcatalog; path = Assets.xcassets; sourceTree = "<group>"; };
		15B87CF4298A50C9003B39BC /* FirstIOSapp.entitlements */ = {isa = PBXFileReference; lastKnownFileType = text.plist.entitlements; path = FirstIOSapp.entitlements; sourceTree = "<group>"; };
		15B87CF6298A50C9003B39BC /* Preview Assets.xcassets */ = {isa = PBXFileReference; lastKnownFileType = folder.assetcatalog; path = "Preview Assets.xcassets"; sourceTree = "<group>"; };
		15B87CFC298A50C9003B39BC /* FirstIOSappTests.xctest */ = {isa = PBXFileReference; explicitFileType = wrapper.cfbundle; includeInIndex = 0; path = FirstIOSappTests.xctest; sourceTree = BUILT_PRODUCTS_DIR; };
		15B87D00298A50C9003B39BC /* FirstIOSappTests.swift */ = {isa = PBXFileReference; lastKnownFileType = sourcecode.swift; path = FirstIOSappTests.swift; sourceTree = "<group>"; };
		15B87D06298A50C9003B39BC /* FirstIOSappUITests.xctest */ = {isa = PBXFileReference; explicitFileType = wrapper.cfbundle; includeInIndex = 0; path = FirstIOSappUITests.xctest; sourceTree = BUILT_PRODUCTS_DIR; };
		15B87D0A298A50C9003B39BC /* FirstIOSappUITests.swift */ = {isa = PBXFileReference; lastKnownFileType = sourcecode.swift; path = FirstIOSappUITests.swift; sourceTree = "<group>"; };
		15B87D0C298A50C9003B39BC /* FirstIOSappUITestsLaunchTests.swift */ = {isa = PBXFileReference; lastKnownFileType = sourcecode.swift; path = FirstIOSappUITestsLaunchTests.swift; sourceTree = "<group>"; };
/* End PBXFileReference section */

/* Begin PBXFrameworksBuildPhase section */
		15B87CE8298A50C3003B39BC /* Frameworks */ = {
			isa = PBXFrameworksBuildPhase;
			buildActionMask = 2147483647;
			files = (
			);
			runOnlyForDeploymentPostprocessing = 0;
		};
		15B87CF9298A50C9003B39BC /* Frameworks */ = {
			isa = PBXFrameworksBuildPhase;
			buildActionMask = 2147483647;
			files = (
			);
			runOnlyForDeploymentPostprocessing = 0;
		};
		15B87D03298A50C9003B39BC /* Frameworks */ = {
			isa = PBXFrameworksBuildPhase;
			buildActionMask = 2147483647;
			files = (
			);
			runOnlyForDeploymentPostprocessing = 0;
		};
/* End PBXFrameworksBuildPhase section */

/* Begin PBXGroup section */
		15B87CE2298A50C3003B39BC = {
			isa = PBXGroup;
			children = (
				15B87CED298A50C3003B39BC /* FirstIOSapp */,
				15B87CFF298A50C9003B39BC /* FirstIOSappTests */,
				15B87D09298A50C9003B39BC /* FirstIOSappUITests */,
				15B87CEC298A50C3003B39BC /* Products */,
			);
			sourceTree = "<group>";
		};
		15B87CEC298A50C3003B39BC /* Products */ = {
			isa = PBXGroup;
			children = (
				15B87CEB298A50C3003B39BC /* FirstIOSapp.app */,
				15B87CFC298A50C9003B39BC /* FirstIOSappTests.xctest */,
				15B87D06298A50C9003B39BC /* FirstIOSappUITests.xctest */,
			);
			name = Products;
			sourceTree = "<group>";
		};
		15B87CED298A50C3003B39BC /* FirstIOSapp */ = {
			isa = PBXGroup;
			children = (
				15B87CEE298A50C3003B39BC /* FirstIOSappApp.swift */,
				15B87CF0298A50C3003B39BC /* ContentView.swift */,
				15B87CF2298A50C9003B39BC /* Assets.xcassets */,
				15B87CF4298A50C9003B39BC /* FirstIOSapp.entitlements */,
				15B87CF5298A50C9003B39BC /* Preview Content */,
			);
			path = FirstIOSapp;
			sourceTree = "<group>";
		};
		15B87CF5298A50C9003B39BC /* Preview Content */ = {
			isa = PBXGroup;
			children = (
				15B87CF6298A50C9003B39BC /* Preview Assets.xcassets */,
			);
			path = "Preview Content";
			sourceTree = "<group>";
		};
		15B87CFF298A50C9003B39BC /* FirstIOSappTests */ = {
			isa = PBXGroup;
			children = (
				15B87D00298A50C9003B39BC /* FirstIOSappTests.swift */,
			);
			path = FirstIOSappTests;
			sourceTree = "<group>";
		};
		15B87D09298A50C9003B39BC /* FirstIOSappUITests */ = {
			isa = PBXGroup;
			children = (
				15B87D0A298A50C9003B39BC /* FirstIOSappUITests.swift */,
				15B87D0C298A50C9003B39BC /* FirstIOSappUITestsLaunchTests.swift */,
			);
			path = FirstIOSappUITests;
			sourceTree = "<group>";
		};
/* End PBXGroup section */

/* Begin PBXNativeTarget section */
		15B87CEA298A50C3003B39BC /* FirstIOSapp */ = {
			isa = PBXNativeTarget;
			buildConfigurationList = 15B87D10298A50C9003B39BC /* Build configuration list for PBXNativeTarget "FirstIOSapp" */;
			buildPhases = (
				15B87CE7298A50C3003B39BC /* Sources */,
				15B87CE8298A50C3003B39BC /* Frameworks */,
				15B87CE9298A50C3003B39BC /* Resources */,
			);
			buildRules = (
			);
			dependencies = (
			);
			name = FirstIOSapp;
			productName = FirstIOSapp;
			productReference = 15B87CEB298A50C3003B39BC /* FirstIOSapp.app */;
			productType = "com.apple.product-type.application";
		};
		15B87CFB298A50C9003B39BC /* FirstIOSappTests */ = {
			isa = PBXNativeTarget;
			buildConfigurationList = 15B87D13298A50C9003B39BC /* Build configuration list for PBXNativeTarget "FirstIOSappTests" */;
			buildPhases = (
				15B87CF8298A50C9003B39BC /* Sources */,
				15B87CF9298A50C9003B39BC /* Frameworks */,
				15B87CFA298A50C9003B39BC /* Resources */,
			);
			buildRules = (
			);
			dependencies = (
				15B87CFE298A50C9003B39BC /* PBXTargetDependency */,
			);
			name = FirstIOSappTests;
			productName = FirstIOSappTests;
			productReference = 15B87CFC298A50C9003B39BC /* FirstIOSappTests.xctest */;
			productType = "com.apple.product-type.bundle.unit-test";
		};
		15B87D05298A50C9003B39BC /* FirstIOSappUITests */ = {
			isa = PBXNativeTarget;
			buildConfigurationList = 15B87D16298A50C9003B39BC /* Build configuration list for PBXNativeTarget "FirstIOSappUITests" */;
			buildPhases = (
				15B87D02298A50C9003B39BC /* Sources */,
				15B87D03298A50C9003B39BC /* Frameworks */,
				15B87D04298A50C9003B39BC /* Resources */,
			);
			buildRules = (
			);
			dependencies = (
				15B87D08298A50C9003B39BC /* PBXTargetDependency */,
			);
			name = FirstIOSappUITests;
			productName = FirstIOSappUITests;
			productReference = 15B87D06298A50C9003B39BC /* FirstIOSappUITests.xctest */;
			productType = "com.apple.product-type.bundle.ui-testing";
		};
/* End PBXNativeTarget section */

/* Begin PBXProject section */
		15B87CE3298A50C3003B39BC /* Project object */ = {
			isa = PBXProject;
			attributes = {
				BuildIndependentTargetsInParallel = 1;
				LastSwiftUpdateCheck = 1420;
				LastUpgradeCheck = 1420;
				TargetAttributes = {
					15B87CEA298A50C3003B39BC = {
						CreatedOnToolsVersion = 14.2;
					};
					15B87CFB298A50C9003B39BC = {
						CreatedOnToolsVersion = 14.2;
						TestTargetID = 15B87CEA298A50C3003B39BC;
					};
					15B87D05298A50C9003B39BC = {
						CreatedOnToolsVersion = 14.2;
						TestTargetID = 15B87CEA298A50C3003B39BC;
					};
				};
			};
			buildConfigurationList = 15B87CE6298A50C3003B39BC /* Build configuration list for PBXProject "FirstIOSapp" */;
			compatibilityVersion = "Xcode 14.0";
			developmentRegion = en;
			hasScannedForEncodings = 0;
			knownRegions = (
				en,
				Base,
			);
			mainGroup = 15B87CE2298A50C3003B39BC;
			productRefGroup = 15B87CEC298A50C3003B39BC /* Products */;
			projectDirPath = "";
			projectRoot = "";
			targets = (
				15B87CEA298A50C3003B39BC /* FirstIOSapp */,
				15B87CFB298A50C9003B39BC /* FirstIOSappTests */,
				15B87D05298A50C9003B39BC /* FirstIOSappUITests */,
			);
		};
/* End PBXProject section */

/* Begin PBXResourcesBuildPhase section */
		15B87CE9298A50C3003B39BC /* Resources */ = {
			isa = PBXResourcesBuildPhase;
			buildActionMask = 2147483647;
			files = (
				15B87CF7298A50C9003B39BC /* Preview Assets.xcassets in Resources */,
				15B87CF3298A50C9003B39BC /* Assets.xcassets in Resources */,
			);
			runOnlyForDeploymentPostprocessing = 0;
		};
		15B87CFA298A50C9003B39BC /* Resources */ = {
			isa = PBXResourcesBuildPhase;
			buildActionMask = 2147483647;
			files = (
			);
			runOnlyForDeploymentPostprocessing = 0;
		};
		15B87D04298A50C9003B39BC /* Resources */ = {
			isa = PBXResourcesBuildPhase;
			buildActionMask = 2147483647;
			files = (
			);
			runOnlyForDeploymentPostprocessing = 0;
		};
/* End PBXResourcesBuildPhase section */

/* Begin PBXSourcesBuildPhase section */
		15B87CE7298A50C3003B39BC /* Sources */ = {
			isa = PBXSourcesBuildPhase;
			buildActionMask = 2147483647;
			files = (
				15B87CF1298A50C3003B39BC /* ContentView.swift in Sources */,
				15B87CEF298A50C3003B39BC /* FirstIOSappApp.swift in Sources */,
			);
			runOnlyForDeploymentPostprocessing = 0;
		};
		15B87CF8298A50C9003B39BC /* Sources */ = {
			isa = PBXSourcesBuildPhase;
			buildActionMask = 2147483647;
			files = (
				15B87D01298A50C9003B39BC /* FirstIOSappTests.swift in Sources */,
			);
			runOnlyForDeploymentPostprocessing = 0;
		};
		15B87D02298A50C9003B39BC /* Sources */ = {
			isa = PBXSourcesBuildPhase;
			buildActionMask = 2147483647;
			files = (
				15B87D0B298A50C9003B39BC /* FirstIOSappUITests.swift in Sources */,
				15B87D0D298A50C9003B39BC /* FirstIOSappUITestsLaunchTests.swift in Sources */,
			);
			runOnlyForDeploymentPostprocessing = 0;
		};
/* End PBXSourcesBuildPhase section */

/* Begin PBXTargetDependency section */
		15B87CFE298A50C9003B39BC /* PBXTargetDependency */ = {
			isa = PBXTargetDependency;
			target = 15B87CEA298A50C3003B39BC /* FirstIOSapp */;
			targetProxy = 15B87CFD298A50C9003B39BC /* PBXContainerItemProxy */;
		};
		15B87D08298A50C9003B39BC /* PBXTargetDependency */ = {
			isa = PBXTargetDependency;
			target = 15B87CEA298A50C3003B39BC /* FirstIOSapp */;
			targetProxy = 15B87D07298A50C9003B39BC /* PBXContainerItemProxy */;
		};
/* End PBXTargetDependency section */

/* Begin XCBuildConfiguration section */
		15B87D0E298A50C9003B39BC /* Debug */ = {
			isa = XCBuildConfiguration;
			buildSettings = {
				ALWAYS_SEARCH_USER_PATHS = NO;
				CLANG_ANALYZER_NONNULL = YES;
				CLANG_ANALYZER_NUMBER_OBJECT_CONVERSION = YES_AGGRESSIVE;
				CLANG_CXX_LANGUAGE_STANDARD = "gnu++20";
				CLANG_ENABLE_MODULES = YES;
				CLANG_ENABLE_OBJC_ARC = YES;
				CLANG_ENABLE_OBJC_WEAK = YES;
				CLANG_WARN_BLOCK_CAPTURE_AUTORELEASING = YES;
				CLANG_WARN_BOOL_CONVERSION = YES;
				CLANG_WARN_COMMA = YES;
				CLANG_WARN_CONSTANT_CONVERSION = YES;
				CLANG_WARN_DEPRECATED_OBJC_IMPLEMENTATIONS = YES;
				CLANG_WARN_DIRECT_OBJC_ISA_USAGE = YES_ERROR;
				CLANG_WARN_DOCUMENTATION_COMMENTS = YES;
				CLANG_WARN_EMPTY_BODY = YES;
				CLANG_WARN_ENUM_CONVERSION = YES;
				CLANG_WARN_INFINITE_RECURSION = YES;
				CLANG_WARN_INT_CONVERSION = YES;
				CLANG_WARN_NON_LITERAL_NULL_CONVERSION = YES;
				CLANG_WARN_OBJC_IMPLICIT_RETAIN_SELF = YES;
				CLANG_WARN_OBJC_LITERAL_CONVERSION = YES;
				CLANG_WARN_OBJC_ROOT_CLASS = YES_ERROR;
				CLANG_WARN_QUOTED_INCLUDE_IN_FRAMEWORK_HEADER = YES;
				CLANG_WARN_RANGE_LOOP_ANALYSIS = YES;
				CLANG_WARN_STRICT_PROTOTYPES = YES;
				CLANG_WARN_SUSPICIOUS_MOVE = YES;
				CLANG_WARN_UNGUARDED_AVAILABILITY = YES_AGGRESSIVE;
				CLANG_WARN_UNREACHABLE_CODE = YES;
				CLANG_WARN__DUPLICATE_METHOD_MATCH = YES;
				COPY_PHASE_STRIP = NO;
				DEBUG_INFORMATION_FORMAT = dwarf;
				ENABLE_STRICT_OBJC_MSGSEND = YES;
				ENABLE_TESTABILITY = YES;
				GCC_C_LANGUAGE_STANDARD = gnu11;
				GCC_DYNAMIC_NO_PIC = NO;
				GCC_NO_COMMON_BLOCKS = YES;
				GCC_OPTIMIZATION_LEVEL = 0;
				GCC_PREPROCESSOR_DEFINITIONS = (
					"DEBUG=1",
					"$(inherited)",
				);
				GCC_WARN_64_TO_32_BIT_CONVERSION = YES;
				GCC_WARN_ABOUT_RETURN_TYPE = YES_ERROR;
				GCC_WARN_UNDECLARED_SELECTOR = YES;
				GCC_WARN_UNINITIALIZED_AUTOS = YES_AGGRESSIVE;
				GCC_WARN_UNUSED_FUNCTION = YES;
				GCC_WARN_UNUSED_VARIABLE = YES;
				MTL_ENABLE_DEBUG_INFO = INCLUDE_SOURCE;
				MTL_FAST_MATH = YES;
				ONLY_ACTIVE_ARCH = YES;
				SWIFT_ACTIVE_COMPILATION_CONDITIONS = DEBUG;
				SWIFT_OPTIMIZATION_LEVEL = "-Onone";
			};
			name = Debug;
		};
		15B87D0F298A50C9003B39BC /* Release */ = {
			isa = XCBuildConfiguration;
			buildSettings = {
				ALWAYS_SEARCH_USER_PATHS = NO;
				CLANG_ANALYZER_NONNULL = YES;
				CLANG_ANALYZER_NUMBER_OBJECT_CONVERSION = YES_AGGRESSIVE;
				CLANG_CXX_LANGUAGE_STANDARD = "gnu++20";
				CLANG_ENABLE_MODULES = YES;
				CLANG_ENABLE_OBJC_ARC = YES;
				CLANG_ENABLE_OBJC_WEAK = YES;
				CLANG_WARN_BLOCK_CAPTURE_AUTORELEASING = YES;
				CLANG_WARN_BOOL_CONVERSION = YES;
				CLANG_WARN_COMMA = YES;
				CLANG_WARN_CONSTANT_CONVERSION = YES;
				CLANG_WARN_DEPRECATED_OBJC_IMPLEMENTATIONS = YES;
				CLANG_WARN_DIRECT_OBJC_ISA_USAGE = YES_ERROR;
				CLANG_WARN_DOCUMENTATION_COMMENTS = YES;
				CLANG_WARN_EMPTY_BODY = YES;
				CLANG_WARN_ENUM_CONVERSION = YES;
				CLANG_WARN_INFINITE_RECURSION = YES;
				CLANG_WARN_INT_CONVERSION = YES;
				CLANG_WARN_NON_LITERAL_NULL_CONVERSION = YES;
				CLANG_WARN_OBJC_IMPLICIT_RETAIN_SELF = YES;
				CLANG_WARN_OBJC_LITERAL_CONVERSION = YES;
				CLANG_WARN_OBJC_ROOT_CLASS = YES_ERROR;
				CLANG_WARN_QUOTED_INCLUDE_IN_FRAMEWORK_HEADER = YES;
				CLANG_WARN_RANGE_LOOP_ANALYSIS = YES;
				CLANG_WARN_STRICT_PROTOTYPES = YES;
				CLANG_WARN_SUSPICIOUS_MOVE = YES;
				CLANG_WARN_UNGUARDED_AVAILABILITY = YES_AGGRESSIVE;
				CLANG_WARN_UNREACHABLE_CODE = YES;
				CLANG_WARN__DUPLICATE_METHOD_MATCH = YES;
				COPY_PHASE_STRIP = NO;
				DEBUG_INFORMATION_FORMAT = "dwarf-with-dsym";
				ENABLE_NS_ASSERTIONS = NO;
				ENABLE_STRICT_OBJC_MSGSEND = YES;
				GCC_C_LANGUAGE_STANDARD = gnu11;
				GCC_NO_COMMON_BLOCKS = YES;
				GCC_WARN_64_TO_32_BIT_CONVERSION = YES;
				GCC_WARN_ABOUT_RETURN_TYPE = YES_ERROR;
				GCC_WARN_UNDECLARED_SELECTOR = YES;
				GCC_WARN_UNINITIALIZED_AUTOS = YES_AGGRESSIVE;
				GCC_WARN_UNUSED_FUNCTION = YES;
				GCC_WARN_UNUSED_VARIABLE = YES;
				MTL_ENABLE_DEBUG_INFO = NO;
				MTL_FAST_MATH = YES;
				SWIFT_COMPILATION_MODE = wholemodule;
				SWIFT_OPTIMIZATION_LEVEL = "-O";
			};
			name = Release;
		};
		15B87D11298A50C9003B39BC /* Debug */ = {
			isa = XCBuildConfiguration;
			buildSettings = {
				ASSETCATALOG_COMPILER_APPICON_NAME = AppIcon;
				ASSETCATALOG_COMPILER_GLOBAL_ACCENT_COLOR_NAME = AccentColor;
				CODE_SIGN_ENTITLEMENTS = FirstIOSapp/FirstIOSapp.entitlements;
				CODE_SIGN_STYLE = Automatic;
				CURRENT_PROJECT_VERSION = 1;
				DEVELOPMENT_ASSET_PATHS = "\"FirstIOSapp/Preview Content\"";
				ENABLE_PREVIEWS = YES;
				GENERATE_INFOPLIST_FILE = YES;
				"INFOPLIST_KEY_UIApplicationSceneManifest_Generation[sdk=iphoneos*]" = YES;
				"INFOPLIST_KEY_UIApplicationSceneManifest_Generation[sdk=iphonesimulator*]" = YES;
				"INFOPLIST_KEY_UIApplicationSupportsIndirectInputEvents[sdk=iphoneos*]" = YES;
				"INFOPLIST_KEY_UIApplicationSupportsIndirectInputEvents[sdk=iphonesimulator*]" = YES;
				"INFOPLIST_KEY_UILaunchScreen_Generation[sdk=iphoneos*]" = YES;
				"INFOPLIST_KEY_UILaunchScreen_Generation[sdk=iphonesimulator*]" = YES;
				"INFOPLIST_KEY_UIStatusBarStyle[sdk=iphoneos*]" = UIStatusBarStyleDefault;
				"INFOPLIST_KEY_UIStatusBarStyle[sdk=iphonesimulator*]" = UIStatusBarStyleDefault;
				INFOPLIST_KEY_UISupportedInterfaceOrientations_iPad = "UIInterfaceOrientationPortrait UIInterfaceOrientationPortraitUpsideDown UIInterfaceOrientationLandscapeLeft UIInterfaceOrientationLandscapeRight";
				INFOPLIST_KEY_UISupportedInterfaceOrientations_iPhone = "UIInterfaceOrientationPortrait UIInterfaceOrientationLandscapeLeft UIInterfaceOrientationLandscapeRight";
				IPHONEOS_DEPLOYMENT_TARGET = 16.2;
				LD_RUNPATH_SEARCH_PATHS = "@executable_path/Frameworks";
				"LD_RUNPATH_SEARCH_PATHS[sdk=macosx*]" = "@executable_path/../Frameworks";
				MACOSX_DEPLOYMENT_TARGET = 13.1;
				MARKETING_VERSION = 1.0;
				PRODUCT_BUNDLE_IDENTIFIER = XCode.FirstIOSapp;
				PRODUCT_NAME = "$(TARGET_NAME)";
				SDKROOT = auto;
				SUPPORTED_PLATFORMS = "iphoneos iphonesimulator macosx";
				SWIFT_EMIT_LOC_STRINGS = YES;
				SWIFT_VERSION = 5.0;
				TARGETED_DEVICE_FAMILY = "1,2";
			};
			name = Debug;
		};
		15B87D12298A50C9003B39BC /* Release */ = {
			isa = XCBuildConfiguration;
			buildSettings = {
				ASSETCATALOG_COMPILER_APPICON_NAME = AppIcon;
				ASSETCATALOG_COMPILER_GLOBAL_ACCENT_COLOR_NAME = AccentColor;
				CODE_SIGN_ENTITLEMENTS = FirstIOSapp/FirstIOSapp.entitlements;
				CODE_SIGN_STYLE = Automatic;
				CURRENT_PROJECT_VERSION = 1;
				DEVELOPMENT_ASSET_PATHS = "\"FirstIOSapp/Preview Content\"";
				ENABLE_PREVIEWS = YES;
				GENERATE_INFOPLIST_FILE = YES;
				"INFOPLIST_KEY_UIApplicationSceneManifest_Generation[sdk=iphoneos*]" = YES;
				"INFOPLIST_KEY_UIApplicationSceneManifest_Generation[sdk=iphonesimulator*]" = YES;
				"INFOPLIST_KEY_UIApplicationSupportsIndirectInputEvents[sdk=iphoneos*]" = YES;
				"INFOPLIST_KEY_UIApplicationSupportsIndirectInputEvents[sdk=iphonesimulator*]" = YES;
				"INFOPLIST_KEY_UILaunchScreen_Generation[sdk=iphoneos*]" = YES;
				"INFOPLIST_KEY_UILaunchScreen_Generation[sdk=iphonesimulator*]" = YES;
				"INFOPLIST_KEY_UIStatusBarStyle[sdk=iphoneos*]" = UIStatusBarStyleDefault;
				"INFOPLIST_KEY_UIStatusBarStyle[sdk=iphonesimulator*]" = UIStatusBarStyleDefault;
				INFOPLIST_KEY_UISupportedInterfaceOrientations_iPad = "UIInterfaceOrientationPortrait UIInterfaceOrientationPortraitUpsideDown UIInterfaceOrientationLandscapeLeft UIInterfaceOrientationLandscapeRight";
				INFOPLIST_KEY_UISupportedInterfaceOrientations_iPhone = "UIInterfaceOrientationPortrait UIInterfaceOrientationLandscapeLeft UIInterfaceOrientationLandscapeRight";
				IPHONEOS_DEPLOYMENT_TARGET = 16.2;
				LD_RUNPATH_SEARCH_PATHS = "@executable_path/Frameworks";
				"LD_RUNPATH_SEARCH_PATHS[sdk=macosx*]" = "@executable_path/../Frameworks";
				MACOSX_DEPLOYMENT_TARGET = 13.1;
				MARKETING_VERSION = 1.0;
				PRODUCT_BUNDLE_IDENTIFIER = XCode.FirstIOSapp;
				PRODUCT_NAME = "$(TARGET_NAME)";
				SDKROOT = auto;
				SUPPORTED_PLATFORMS = "iphoneos iphonesimulator macosx";
				SWIFT_EMIT_LOC_STRINGS = YES;
				SWIFT_VERSION = 5.0;
				TARGETED_DEVICE_FAMILY = "1,2";
			};
			name = Release;
		};
		15B87D14298A50C9003B39BC /* Debug */ = {
			isa = XCBuildConfiguration;
			buildSettings = {
				ALWAYS_EMBED_SWIFT_STANDARD_LIBRARIES = YES;
				BUNDLE_LOADER = "$(TEST_HOST)";
				CODE_SIGN_STYLE = Automatic;
				CURRENT_PROJECT_VERSION = 1;
				GENERATE_INFOPLIST_FILE = YES;
				IPHONEOS_DEPLOYMENT_TARGET = 16.2;
				MACOSX_DEPLOYMENT_TARGET = 13.1;
				MARKETING_VERSION = 1.0;
				PRODUCT_BUNDLE_IDENTIFIER = XCode.FirstIOSappTests;
				PRODUCT_NAME = "$(TARGET_NAME)";
				SDKROOT = auto;
				SUPPORTED_PLATFORMS = "iphoneos iphonesimulator macosx";
				SWIFT_EMIT_LOC_STRINGS = NO;
				SWIFT_VERSION = 5.0;
				TARGETED_DEVICE_FAMILY = "1,2";
				TEST_HOST = "$(BUILT_PRODUCTS_DIR)/FirstIOSapp.app/$(BUNDLE_EXECUTABLE_FOLDER_PATH)/FirstIOSapp";
			};
			name = Debug;
		};
		15B87D15298A50C9003B39BC /* Release */ = {
			isa = XCBuildConfiguration;
			buildSettings = {
				ALWAYS_EMBED_SWIFT_STANDARD_LIBRARIES = YES;
				BUNDLE_LOADER = "$(TEST_HOST)";
				CODE_SIGN_STYLE = Automatic;
				CURRENT_PROJECT_VERSION = 1;
				GENERATE_INFOPLIST_FILE = YES;
				IPHONEOS_DEPLOYMENT_TARGET = 16.2;
				MACOSX_DEPLOYMENT_TARGET = 13.1;
				MARKETING_VERSION = 1.0;
				PRODUCT_BUNDLE_IDENTIFIER = XCode.FirstIOSappTests;
				PRODUCT_NAME = "$(TARGET_NAME)";
				SDKROOT = auto;
				SUPPORTED_PLATFORMS = "iphoneos iphonesimulator macosx";
				SWIFT_EMIT_LOC_STRINGS = NO;
				SWIFT_VERSION = 5.0;
				TARGETED_DEVICE_FAMILY = "1,2";
				TEST_HOST = "$(BUILT_PRODUCTS_DIR)/FirstIOSapp.app/$(BUNDLE_EXECUTABLE_FOLDER_PATH)/FirstIOSapp";
			};
			name = Release;
		};
		15B87D17298A50C9003B39BC /* Debug */ = {
			isa = XCBuildConfiguration;
			buildSettings = {
				ALWAYS_EMBED_SWIFT_STANDARD_LIBRARIES = YES;
				CODE_SIGN_STYLE = Automatic;
				CURRENT_PROJECT_VERSION = 1;
				GENERATE_INFOPLIST_FILE = YES;
				IPHONEOS_DEPLOYMENT_TARGET = 16.2;
				MACOSX_DEPLOYMENT_TARGET = 13.1;
				MARKETING_VERSION = 1.0;
				PRODUCT_BUNDLE_IDENTIFIER = XCode.FirstIOSappUITests;
				PRODUCT_NAME = "$(TARGET_NAME)";
				SDKROOT = auto;
				SUPPORTED_PLATFORMS = "iphoneos iphonesimulator macosx";
				SWIFT_EMIT_LOC_STRINGS = NO;
				SWIFT_VERSION = 5.0;
				TARGETED_DEVICE_FAMILY = "1,2";
				TEST_TARGET_NAME = FirstIOSapp;
			};
			name = Debug;
		};
		15B87D18298A50C9003B39BC /* Release */ = {
			isa = XCBuildConfiguration;
			buildSettings = {
				ALWAYS_EMBED_SWIFT_STANDARD_LIBRARIES = YES;
				CODE_SIGN_STYLE = Automatic;
				CURRENT_PROJECT_VERSION = 1;
				GENERATE_INFOPLIST_FILE = YES;
				IPHONEOS_DEPLOYMENT_TARGET = 16.2;
				MACOSX_DEPLOYMENT_TARGET = 13.1;
				MARKETING_VERSION = 1.0;
				PRODUCT_BUNDLE_IDENTIFIER = XCode.FirstIOSappUITests;
				PRODUCT_NAME = "$(TARGET_NAME)";
				SDKROOT = auto;
				SUPPORTED_PLATFORMS = "iphoneos iphonesimulator macosx";
				SWIFT_EMIT_LOC_STRINGS = NO;
				SWIFT_VERSION = 5.0;
				TARGETED_DEVICE_FAMILY = "1,2";
				TEST_TARGET_NAME = FirstIOSapp;
			};
			name = Release;
		};
/* End XCBuildConfiguration section */

/* Begin XCConfigurationList section */
		15B87CE6298A50C3003B39BC /* Build configuration list for PBXProject "FirstIOSapp" */ = {
			isa = XCConfigurationList;
			buildConfigurations = (
				15B87D0E298A50C9003B39BC /* Debug */,
				15B87D0F298A50C9003B39BC /* Release */,
			);
			defaultConfigurationIsVisible = 0;
			defaultConfigurationName = Release;
		};
		15B87D10298A50C9003B39BC /* Build configuration list for PBXNativeTarget "FirstIOSapp" */ = {
			isa = XCConfigurationList;
			buildConfigurations = (
				15B87D11298A50C9003B39BC /* Debug */,
				15B87D12298A50C9003B39BC /* Release */,
			);
			defaultConfigurationIsVisible = 0;
			defaultConfigurationName = Release;
		};
		15B87D13298A50C9003B39BC /* Build configuration list for PBXNativeTarget "FirstIOSappTests" */ = {
			isa = XCConfigurationList;
			buildConfigurations = (
				15B87D14298A50C9003B39BC /* Debug */,
				15B87D15298A50C9003B39BC /* Release */,
			);
			defaultConfigurationIsVisible = 0;
			defaultConfigurationName = Release;
		};
		15B87D16298A50C9003B39BC /* Build configuration list for PBXNativeTarget "FirstIOSappUITests" */ = {
			isa = XCConfigurationList;
			buildConfigurations = (
				15B87D17298A50C9003B39BC /* Debug */,
				15B87D18298A50C9003B39BC /* Release */,
			);
			defaultConfigurationIsVisible = 0;
			defaultConfigurationName = Release;
		};
/* End XCConfigurationList section */
	};
	rootObject = 15B87CE3298A50C3003B39BC /* Project object */;
}
